
Microsoft Visual Studio Solution File, Format Version 12.00
# Visual Studio Version 16
VisualStudioVersion = 16.0.30309.148
MinimumVisualStudioVersion = 10.0.40219.1
Project("{2150E333-8FDC-42A3-9474-1A3956D46DE8}") = "API", "API", "{8F11AA98-EC91-4725-A23F-416CA6B7F8C7}"
EndProject
Project("{2150E333-8FDC-42A3-9474-1A3956D46DE8}") = "GUI", "GUI", "{F93ADD76-6711-4855-B0BC-CD1626D1657B}"
EndProject
Project("{9A19103F-16F7-4668-BE54-9A1E7A4F7556}") = "RawInput", "RawInput\RawInput.csproj", "{BAB43B95-5CCC-447A-AE23-EFF7AF879984}"
EndProject
Project("{9A19103F-16F7-4668-BE54-9A1E7A4F7556}") = "ControllerEmulatorAPI", "ControllerEmulatorAPI\ControllerEmulatorAPI.csproj", "{70EE266B-B417-4872-BA24-D3984831082E}"
EndProject
Project("{9A19103F-16F7-4668-BE54-9A1E7A4F7556}") = "ControllerEmulator", "ControllerEmulator\ControllerEmulator.csproj", "{6B6B01E2-3195-436F-895C-F72AEE05AC93}"
EndProject
Project("{FAE04EC0-301F-11D3-BF4B-00C04F79EFBC}") = "Launcher", "Launcher\Launcher.csproj", "{413CF7ED-4BFF-4E70-BA8B-1082CC10B066}"
EndProject
Project("{FAE04EC0-301F-11D3-BF4B-00C04F79EFBC}") = "LauncherAPI", "LauncherAPI\LauncherAPI.csproj", "{28FCD763-B428-477F-AF80-7103D4EC7DE2}"
EndProject
Project("{2150E333-8FDC-42A3-9474-1A3956D46DE8}") = "Solution Items", "Solution Items", "{C048BC04-95E8-43AB-9CF3-9C419C58D2B7}"
	ProjectSection(SolutionItems) = preProject
		version.json = version.json
	EndProjectSection
EndProject
Global
	GlobalSection(SolutionConfigurationPlatforms) = preSolution
		All|Any CPU = All|Any CPU
		All|ARM = All|ARM
		All|ARM64 = All|ARM64
		All|x64 = All|x64
		All|x86 = All|x86
		Debug_STAT|Any CPU = Debug_STAT|Any CPU
		Debug_STAT|ARM = Debug_STAT|ARM
		Debug_STAT|ARM64 = Debug_STAT|ARM64
		Debug_STAT|x64 = Debug_STAT|x64
		Debug_STAT|x86 = Debug_STAT|x86
		Debug|Any CPU = Debug|Any CPU
		Debug|ARM = Debug|ARM
		Debug|ARM64 = Debug|ARM64
		Debug|x64 = Debug|x64
		Debug|x86 = Debug|x86
		Release_STAT|Any CPU = Release_STAT|Any CPU
		Release_STAT|ARM = Release_STAT|ARM
		Release_STAT|ARM64 = Release_STAT|ARM64
		Release_STAT|x64 = Release_STAT|x64
		Release_STAT|x86 = Release_STAT|x86
		Release|Any CPU = Release|Any CPU
		Release|ARM = Release|ARM
		Release|ARM64 = Release|ARM64
		Release|x64 = Release|x64
		Release|x86 = Release|x86
	EndGlobalSection
	GlobalSection(ProjectConfigurationPlatforms) = postSolution
		{BAB43B95-5CCC-447A-AE23-EFF7AF879984}.All|Any CPU.ActiveCfg = Release|Any CPU
		{BAB43B95-5CCC-447A-AE23-EFF7AF879984}.All|Any CPU.Build.0 = Release|Any CPU
		{BAB43B95-5CCC-447A-AE23-EFF7AF879984}.All|ARM.ActiveCfg = Release|Any CPU
		{BAB43B95-5CCC-447A-AE23-EFF7AF879984}.All|ARM.Build.0 = Release|Any CPU
		{BAB43B95-5CCC-447A-AE23-EFF7AF879984}.All|ARM64.ActiveCfg = Release|Any CPU
		{BAB43B95-5CCC-447A-AE23-EFF7AF879984}.All|ARM64.Build.0 = Release|Any CPU
		{BAB43B95-5CCC-447A-AE23-EFF7AF879984}.All|x64.ActiveCfg = Release|x64
		{BAB43B95-5CCC-447A-AE23-EFF7AF879984}.All|x64.Build.0 = Release|x64
		{BAB43B95-5CCC-447A-AE23-EFF7AF879984}.All|x86.ActiveCfg = Release|x86
		{BAB43B95-5CCC-447A-AE23-EFF7AF879984}.All|x86.Build.0 = Release|x86
		{BAB43B95-5CCC-447A-AE23-EFF7AF879984}.Debug_STAT|Any CPU.ActiveCfg = Debug|Any CPU
		{BAB43B95-5CCC-447A-AE23-EFF7AF879984}.Debug_STAT|Any CPU.Build.0 = Debug|Any CPU
		{BAB43B95-5CCC-447A-AE23-EFF7AF879984}.Debug_STAT|ARM.ActiveCfg = Debug|Any CPU
		{BAB43B95-5CCC-447A-AE23-EFF7AF879984}.Debug_STAT|ARM.Build.0 = Debug|Any CPU
		{BAB43B95-5CCC-447A-AE23-EFF7AF879984}.Debug_STAT|ARM64.ActiveCfg = Debug|Any CPU
		{BAB43B95-5CCC-447A-AE23-EFF7AF879984}.Debug_STAT|ARM64.Build.0 = Debug|Any CPU
		{BAB43B95-5CCC-447A-AE23-EFF7AF879984}.Debug_STAT|x64.ActiveCfg = Debug|x64
		{BAB43B95-5CCC-447A-AE23-EFF7AF879984}.Debug_STAT|x64.Build.0 = Debug|x64
		{BAB43B95-5CCC-447A-AE23-EFF7AF879984}.Debug_STAT|x86.ActiveCfg = Debug|x86
		{BAB43B95-5CCC-447A-AE23-EFF7AF879984}.Debug_STAT|x86.Build.0 = Debug|x86
		{BAB43B95-5CCC-447A-AE23-EFF7AF879984}.Debug|Any CPU.ActiveCfg = Debug|Any CPU
		{BAB43B95-5CCC-447A-AE23-EFF7AF879984}.Debug|Any CPU.Build.0 = Debug|Any CPU
		{BAB43B95-5CCC-447A-AE23-EFF7AF879984}.Debug|ARM.ActiveCfg = Debug|Any CPU
		{BAB43B95-5CCC-447A-AE23-EFF7AF879984}.Debug|ARM.Build.0 = Debug|Any CPU
		{BAB43B95-5CCC-447A-AE23-EFF7AF879984}.Debug|ARM64.ActiveCfg = Debug|Any CPU
		{BAB43B95-5CCC-447A-AE23-EFF7AF879984}.Debug|ARM64.Build.0 = Debug|Any CPU
		{BAB43B95-5CCC-447A-AE23-EFF7AF879984}.Debug|x64.ActiveCfg = Debug|x64
		{BAB43B95-5CCC-447A-AE23-EFF7AF879984}.Debug|x64.Build.0 = Debug|x64
		{BAB43B95-5CCC-447A-AE23-EFF7AF879984}.Debug|x86.ActiveCfg = Debug|x86
		{BAB43B95-5CCC-447A-AE23-EFF7AF879984}.Debug|x86.Build.0 = Debug|x86
		{BAB43B95-5CCC-447A-AE23-EFF7AF879984}.Release_STAT|Any CPU.ActiveCfg = Release|Any CPU
		{BAB43B95-5CCC-447A-AE23-EFF7AF879984}.Release_STAT|Any CPU.Build.0 = Release|Any CPU
		{BAB43B95-5CCC-447A-AE23-EFF7AF879984}.Release_STAT|ARM.ActiveCfg = Release|Any CPU
		{BAB43B95-5CCC-447A-AE23-EFF7AF879984}.Release_STAT|ARM.Build.0 = Release|Any CPU
		{BAB43B95-5CCC-447A-AE23-EFF7AF879984}.Release_STAT|ARM64.ActiveCfg = Release|Any CPU
		{BAB43B95-5CCC-447A-AE23-EFF7AF879984}.Release_STAT|ARM64.Build.0 = Release|Any CPU
		{BAB43B95-5CCC-447A-AE23-EFF7AF879984}.Release_STAT|x64.ActiveCfg = Release|x64
		{BAB43B95-5CCC-447A-AE23-EFF7AF879984}.Release_STAT|x64.Build.0 = Release|x64
		{BAB43B95-5CCC-447A-AE23-EFF7AF879984}.Release_STAT|x86.ActiveCfg = Release|x86
		{BAB43B95-5CCC-447A-AE23-EFF7AF879984}.Release_STAT|x86.Build.0 = Release|x86
		{BAB43B95-5CCC-447A-AE23-EFF7AF879984}.Release|Any CPU.ActiveCfg = Release|Any CPU
		{BAB43B95-5CCC-447A-AE23-EFF7AF879984}.Release|Any CPU.Build.0 = Release|Any CPU
		{BAB43B95-5CCC-447A-AE23-EFF7AF879984}.Release|ARM.ActiveCfg = Release|Any CPU
		{BAB43B95-5CCC-447A-AE23-EFF7AF879984}.Release|ARM.Build.0 = Release|Any CPU
		{BAB43B95-5CCC-447A-AE23-EFF7AF879984}.Release|ARM64.ActiveCfg = Release|Any CPU
		{BAB43B95-5CCC-447A-AE23-EFF7AF879984}.Release|ARM64.Build.0 = Release|Any CPU
		{BAB43B95-5CCC-447A-AE23-EFF7AF879984}.Release|x64.ActiveCfg = Release|x64
		{BAB43B95-5CCC-447A-AE23-EFF7AF879984}.Release|x64.Build.0 = Release|x64
		{BAB43B95-5CCC-447A-AE23-EFF7AF879984}.Release|x86.ActiveCfg = Release|x86
		{BAB43B95-5CCC-447A-AE23-EFF7AF879984}.Release|x86.Build.0 = Release|x86
		{70EE266B-B417-4872-BA24-D3984831082E}.All|Any CPU.ActiveCfg = Release|Any CPU
		{70EE266B-B417-4872-BA24-D3984831082E}.All|Any CPU.Build.0 = Release|Any CPU
		{70EE266B-B417-4872-BA24-D3984831082E}.All|ARM.ActiveCfg = Release|Any CPU
		{70EE266B-B417-4872-BA24-D3984831082E}.All|ARM.Build.0 = Release|Any CPU
		{70EE266B-B417-4872-BA24-D3984831082E}.All|ARM64.ActiveCfg = Release|Any CPU
		{70EE266B-B417-4872-BA24-D3984831082E}.All|ARM64.Build.0 = Release|Any CPU
		{70EE266B-B417-4872-BA24-D3984831082E}.All|x64.ActiveCfg = Release|x64
		{70EE266B-B417-4872-BA24-D3984831082E}.All|x64.Build.0 = Release|x64
		{70EE266B-B417-4872-BA24-D3984831082E}.All|x86.ActiveCfg = Release|Any CPU
		{70EE266B-B417-4872-BA24-D3984831082E}.All|x86.Build.0 = Release|Any CPU
		{70EE266B-B417-4872-BA24-D3984831082E}.Debug_STAT|Any CPU.ActiveCfg = Debug|Any CPU
		{70EE266B-B417-4872-BA24-D3984831082E}.Debug_STAT|Any CPU.Build.0 = Debug|Any CPU
		{70EE266B-B417-4872-BA24-D3984831082E}.Debug_STAT|ARM.ActiveCfg = Debug|Any CPU
		{70EE266B-B417-4872-BA24-D3984831082E}.Debug_STAT|ARM.Build.0 = Debug|Any CPU
		{70EE266B-B417-4872-BA24-D3984831082E}.Debug_STAT|ARM64.ActiveCfg = Debug|Any CPU
		{70EE266B-B417-4872-BA24-D3984831082E}.Debug_STAT|ARM64.Build.0 = Debug|Any CPU
		{70EE266B-B417-4872-BA24-D3984831082E}.Debug_STAT|x64.ActiveCfg = Debug|x64
		{70EE266B-B417-4872-BA24-D3984831082E}.Debug_STAT|x64.Build.0 = Debug|x64
		{70EE266B-B417-4872-BA24-D3984831082E}.Debug_STAT|x86.ActiveCfg = Debug|Any CPU
		{70EE266B-B417-4872-BA24-D3984831082E}.Debug_STAT|x86.Build.0 = Debug|Any CPU
		{70EE266B-B417-4872-BA24-D3984831082E}.Debug|Any CPU.ActiveCfg = Debug|Any CPU
		{70EE266B-B417-4872-BA24-D3984831082E}.Debug|Any CPU.Build.0 = Debug|Any CPU
		{70EE266B-B417-4872-BA24-D3984831082E}.Debug|ARM.ActiveCfg = Debug|Any CPU
		{70EE266B-B417-4872-BA24-D3984831082E}.Debug|ARM.Build.0 = Debug|Any CPU
		{70EE266B-B417-4872-BA24-D3984831082E}.Debug|ARM64.ActiveCfg = Debug|Any CPU
		{70EE266B-B417-4872-BA24-D3984831082E}.Debug|ARM64.Build.0 = Debug|Any CPU
		{70EE266B-B417-4872-BA24-D3984831082E}.Debug|x64.ActiveCfg = Debug|x64
		{70EE266B-B417-4872-BA24-D3984831082E}.Debug|x64.Build.0 = Debug|x64
		{70EE266B-B417-4872-BA24-D3984831082E}.Debug|x86.ActiveCfg = Debug|Any CPU
		{70EE266B-B417-4872-BA24-D3984831082E}.Debug|x86.Build.0 = Debug|Any CPU
		{70EE266B-B417-4872-BA24-D3984831082E}.Release_STAT|Any CPU.ActiveCfg = Release|Any CPU
		{70EE266B-B417-4872-BA24-D3984831082E}.Release_STAT|Any CPU.Build.0 = Release|Any CPU
		{70EE266B-B417-4872-BA24-D3984831082E}.Release_STAT|ARM.ActiveCfg = Release|Any CPU
		{70EE266B-B417-4872-BA24-D3984831082E}.Release_STAT|ARM.Build.0 = Release|Any CPU
		{70EE266B-B417-4872-BA24-D3984831082E}.Release_STAT|ARM64.ActiveCfg = Release|Any CPU
		{70EE266B-B417-4872-BA24-D3984831082E}.Release_STAT|ARM64.Build.0 = Release|Any CPU
		{70EE266B-B417-4872-BA24-D3984831082E}.Release_STAT|x64.ActiveCfg = Release|x64
		{70EE266B-B417-4872-BA24-D3984831082E}.Release_STAT|x64.Build.0 = Release|x64
		{70EE266B-B417-4872-BA24-D3984831082E}.Release_STAT|x86.ActiveCfg = Release|Any CPU
		{70EE266B-B417-4872-BA24-D3984831082E}.Release_STAT|x86.Build.0 = Release|Any CPU
		{70EE266B-B417-4872-BA24-D3984831082E}.Release|Any CPU.ActiveCfg = Release|Any CPU
		{70EE266B-B417-4872-BA24-D3984831082E}.Release|Any CPU.Build.0 = Release|Any CPU
		{70EE266B-B417-4872-BA24-D3984831082E}.Release|ARM.ActiveCfg = Release|Any CPU
		{70EE266B-B417-4872-BA24-D3984831082E}.Release|ARM.Build.0 = Release|Any CPU
		{70EE266B-B417-4872-BA24-D3984831082E}.Release|ARM64.ActiveCfg = Release|Any CPU
		{70EE266B-B417-4872-BA24-D3984831082E}.Release|ARM64.Build.0 = Release|Any CPU
		{70EE266B-B417-4872-BA24-D3984831082E}.Release|x64.ActiveCfg = Release|x64
		{70EE266B-B417-4872-BA24-D3984831082E}.Release|x64.Build.0 = Release|x64
		{70EE266B-B417-4872-BA24-D3984831082E}.Release|x86.ActiveCfg = Release|Any CPU
		{70EE266B-B417-4872-BA24-D3984831082E}.Release|x86.Build.0 = Release|Any CPU
		{6B6B01E2-3195-436F-895C-F72AEE05AC93}.All|Any CPU.ActiveCfg = Release|Any CPU
		{6B6B01E2-3195-436F-895C-F72AEE05AC93}.All|Any CPU.Build.0 = Release|Any CPU
		{6B6B01E2-3195-436F-895C-F72AEE05AC93}.All|ARM.ActiveCfg = Release|Any CPU
		{6B6B01E2-3195-436F-895C-F72AEE05AC93}.All|ARM.Build.0 = Release|Any CPU
		{6B6B01E2-3195-436F-895C-F72AEE05AC93}.All|ARM64.ActiveCfg = Release|Any CPU
		{6B6B01E2-3195-436F-895C-F72AEE05AC93}.All|ARM64.Build.0 = Release|Any CPU
		{6B6B01E2-3195-436F-895C-F72AEE05AC93}.All|x64.ActiveCfg = Release|x64
		{6B6B01E2-3195-436F-895C-F72AEE05AC93}.All|x64.Build.0 = Release|x64
		{6B6B01E2-3195-436F-895C-F72AEE05AC93}.All|x86.ActiveCfg = Release|Any CPU
		{6B6B01E2-3195-436F-895C-F72AEE05AC93}.All|x86.Build.0 = Release|Any CPU
		{6B6B01E2-3195-436F-895C-F72AEE05AC93}.Debug_STAT|Any CPU.ActiveCfg = Debug|Any CPU
		{6B6B01E2-3195-436F-895C-F72AEE05AC93}.Debug_STAT|Any CPU.Build.0 = Debug|Any CPU
		{6B6B01E2-3195-436F-895C-F72AEE05AC93}.Debug_STAT|ARM.ActiveCfg = Debug|Any CPU
		{6B6B01E2-3195-436F-895C-F72AEE05AC93}.Debug_STAT|ARM.Build.0 = Debug|Any CPU
		{6B6B01E2-3195-436F-895C-F72AEE05AC93}.Debug_STAT|ARM64.ActiveCfg = Debug|Any CPU
		{6B6B01E2-3195-436F-895C-F72AEE05AC93}.Debug_STAT|ARM64.Build.0 = Debug|Any CPU
		{6B6B01E2-3195-436F-895C-F72AEE05AC93}.Debug_STAT|x64.ActiveCfg = Debug|x64
		{6B6B01E2-3195-436F-895C-F72AEE05AC93}.Debug_STAT|x64.Build.0 = Debug|x64
		{6B6B01E2-3195-436F-895C-F72AEE05AC93}.Debug_STAT|x86.ActiveCfg = Debug|Any CPU
		{6B6B01E2-3195-436F-895C-F72AEE05AC93}.Debug_STAT|x86.Build.0 = Debug|Any CPU
		{6B6B01E2-3195-436F-895C-F72AEE05AC93}.Debug|Any CPU.ActiveCfg = Debug|Any CPU
		{6B6B01E2-3195-436F-895C-F72AEE05AC93}.Debug|Any CPU.Build.0 = Debug|Any CPU
		{6B6B01E2-3195-436F-895C-F72AEE05AC93}.Debug|ARM.ActiveCfg = Debug|Any CPU
		{6B6B01E2-3195-436F-895C-F72AEE05AC93}.Debug|ARM.Build.0 = Debug|Any CPU
		{6B6B01E2-3195-436F-895C-F72AEE05AC93}.Debug|ARM64.ActiveCfg = Debug|Any CPU
		{6B6B01E2-3195-436F-895C-F72AEE05AC93}.Debug|ARM64.Build.0 = Debug|Any CPU
		{6B6B01E2-3195-436F-895C-F72AEE05AC93}.Debug|x64.ActiveCfg = Debug|x64
		{6B6B01E2-3195-436F-895C-F72AEE05AC93}.Debug|x64.Build.0 = Debug|x64
		{6B6B01E2-3195-436F-895C-F72AEE05AC93}.Debug|x86.ActiveCfg = Debug|Any CPU
		{6B6B01E2-3195-436F-895C-F72AEE05AC93}.Debug|x86.Build.0 = Debug|Any CPU
		{6B6B01E2-3195-436F-895C-F72AEE05AC93}.Release_STAT|Any CPU.ActiveCfg = Release|Any CPU
		{6B6B01E2-3195-436F-895C-F72AEE05AC93}.Release_STAT|Any CPU.Build.0 = Release|Any CPU
		{6B6B01E2-3195-436F-895C-F72AEE05AC93}.Release_STAT|ARM.ActiveCfg = Release|Any CPU
		{6B6B01E2-3195-436F-895C-F72AEE05AC93}.Release_STAT|ARM.Build.0 = Release|Any CPU
		{6B6B01E2-3195-436F-895C-F72AEE05AC93}.Release_STAT|ARM64.ActiveCfg = Release|Any CPU
		{6B6B01E2-3195-436F-895C-F72AEE05AC93}.Release_STAT|ARM64.Build.0 = Release|Any CPU
		{6B6B01E2-3195-436F-895C-F72AEE05AC93}.Release_STAT|x64.ActiveCfg = Release|x64
		{6B6B01E2-3195-436F-895C-F72AEE05AC93}.Release_STAT|x64.Build.0 = Release|x64
		{6B6B01E2-3195-436F-895C-F72AEE05AC93}.Release_STAT|x86.ActiveCfg = Release|Any CPU
		{6B6B01E2-3195-436F-895C-F72AEE05AC93}.Release_STAT|x86.Build.0 = Release|Any CPU
		{6B6B01E2-3195-436F-895C-F72AEE05AC93}.Release|Any CPU.ActiveCfg = Release|Any CPU
		{6B6B01E2-3195-436F-895C-F72AEE05AC93}.Release|Any CPU.Build.0 = Release|Any CPU
		{6B6B01E2-3195-436F-895C-F72AEE05AC93}.Release|ARM.ActiveCfg = Release|Any CPU
		{6B6B01E2-3195-436F-895C-F72AEE05AC93}.Release|ARM.Build.0 = Release|Any CPU
		{6B6B01E2-3195-436F-895C-F72AEE05AC93}.Release|ARM64.ActiveCfg = Release|Any CPU
		{6B6B01E2-3195-436F-895C-F72AEE05AC93}.Release|ARM64.Build.0 = Release|Any CPU
		{6B6B01E2-3195-436F-895C-F72AEE05AC93}.Release|x64.ActiveCfg = Release|x64
		{6B6B01E2-3195-436F-895C-F72AEE05AC93}.Release|x64.Build.0 = Release|x64
		{6B6B01E2-3195-436F-895C-F72AEE05AC93}.Release|x86.ActiveCfg = Release|Any CPU
		{6B6B01E2-3195-436F-895C-F72AEE05AC93}.Release|x86.Build.0 = Release|Any CPU
		{413CF7ED-4BFF-4E70-BA8B-1082CC10B066}.All|Any CPU.ActiveCfg = Release|Any CPU
		{413CF7ED-4BFF-4E70-BA8B-1082CC10B066}.All|Any CPU.Build.0 = Release|Any CPU
		{413CF7ED-4BFF-4E70-BA8B-1082CC10B066}.All|ARM.ActiveCfg = Release|Any CPU
		{413CF7ED-4BFF-4E70-BA8B-1082CC10B066}.All|ARM.Build.0 = Release|Any CPU
		{413CF7ED-4BFF-4E70-BA8B-1082CC10B066}.All|ARM64.ActiveCfg = Release|Any CPU
		{413CF7ED-4BFF-4E70-BA8B-1082CC10B066}.All|ARM64.Build.0 = Release|Any CPU
		{413CF7ED-4BFF-4E70-BA8B-1082CC10B066}.All|x64.ActiveCfg = Release|Any CPU
		{413CF7ED-4BFF-4E70-BA8B-1082CC10B066}.All|x64.Build.0 = Release|Any CPU
		{413CF7ED-4BFF-4E70-BA8B-1082CC10B066}.All|x86.ActiveCfg = Release|Any CPU
		{413CF7ED-4BFF-4E70-BA8B-1082CC10B066}.All|x86.Build.0 = Release|Any CPU
		{413CF7ED-4BFF-4E70-BA8B-1082CC10B066}.Debug_STAT|Any CPU.ActiveCfg = Debug|Any CPU
		{413CF7ED-4BFF-4E70-BA8B-1082CC10B066}.Debug_STAT|Any CPU.Build.0 = Debug|Any CPU
		{413CF7ED-4BFF-4E70-BA8B-1082CC10B066}.Debug_STAT|ARM.ActiveCfg = Debug|Any CPU
		{413CF7ED-4BFF-4E70-BA8B-1082CC10B066}.Debug_STAT|ARM.Build.0 = Debug|Any CPU
		{413CF7ED-4BFF-4E70-BA8B-1082CC10B066}.Debug_STAT|ARM64.ActiveCfg = Debug|Any CPU
		{413CF7ED-4BFF-4E70-BA8B-1082CC10B066}.Debug_STAT|ARM64.Build.0 = Debug|Any CPU
		{413CF7ED-4BFF-4E70-BA8B-1082CC10B066}.Debug_STAT|x64.ActiveCfg = Debug|Any CPU
		{413CF7ED-4BFF-4E70-BA8B-1082CC10B066}.Debug_STAT|x64.Build.0 = Debug|Any CPU
		{413CF7ED-4BFF-4E70-BA8B-1082CC10B066}.Debug_STAT|x86.ActiveCfg = Debug|Any CPU
		{413CF7ED-4BFF-4E70-BA8B-1082CC10B066}.Debug_STAT|x86.Build.0 = Debug|Any CPU
		{413CF7ED-4BFF-4E70-BA8B-1082CC10B066}.Debug|Any CPU.ActiveCfg = Debug|Any CPU
		{413CF7ED-4BFF-4E70-BA8B-1082CC10B066}.Debug|Any CPU.Build.0 = Debug|Any CPU
		{413CF7ED-4BFF-4E70-BA8B-1082CC10B066}.Debug|ARM.ActiveCfg = Debug|Any CPU
		{413CF7ED-4BFF-4E70-BA8B-1082CC10B066}.Debug|ARM.Build.0 = Debug|Any CPU
		{413CF7ED-4BFF-4E70-BA8B-1082CC10B066}.Debug|ARM64.ActiveCfg = Debug|Any CPU
		{413CF7ED-4BFF-4E70-BA8B-1082CC10B066}.Debug|ARM64.Build.0 = Debug|Any CPU
		{413CF7ED-4BFF-4E70-BA8B-1082CC10B066}.Debug|x64.ActiveCfg = Debug|Any CPU
		{413CF7ED-4BFF-4E70-BA8B-1082CC10B066}.Debug|x64.Build.0 = Debug|Any CPU
		{413CF7ED-4BFF-4E70-BA8B-1082CC10B066}.Debug|x86.ActiveCfg = Debug|Any CPU
		{413CF7ED-4BFF-4E70-BA8B-1082CC10B066}.Debug|x86.Build.0 = Debug|Any CPU
		{413CF7ED-4BFF-4E70-BA8B-1082CC10B066}.Release_STAT|Any CPU.ActiveCfg = Release|Any CPU
		{413CF7ED-4BFF-4E70-BA8B-1082CC10B066}.Release_STAT|Any CPU.Build.0 = Release|Any CPU
		{413CF7ED-4BFF-4E70-BA8B-1082CC10B066}.Release_STAT|ARM.ActiveCfg = Release|Any CPU
		{413CF7ED-4BFF-4E70-BA8B-1082CC10B066}.Release_STAT|ARM.Build.0 = Release|Any CPU
		{413CF7ED-4BFF-4E70-BA8B-1082CC10B066}.Release_STAT|ARM64.ActiveCfg = Release|Any CPU
		{413CF7ED-4BFF-4E70-BA8B-1082CC10B066}.Release_STAT|ARM64.Build.0 = Release|Any CPU
		{413CF7ED-4BFF-4E70-BA8B-1082CC10B066}.Release_STAT|x64.ActiveCfg = Release|Any CPU
		{413CF7ED-4BFF-4E70-BA8B-1082CC10B066}.Release_STAT|x64.Build.0 = Release|Any CPU
		{413CF7ED-4BFF-4E70-BA8B-1082CC10B066}.Release_STAT|x86.ActiveCfg = Release|Any CPU
		{413CF7ED-4BFF-4E70-BA8B-1082CC10B066}.Release_STAT|x86.Build.0 = Release|Any CPU
		{413CF7ED-4BFF-4E70-BA8B-1082CC10B066}.Release|Any CPU.ActiveCfg = Release|Any CPU
		{413CF7ED-4BFF-4E70-BA8B-1082CC10B066}.Release|Any CPU.Build.0 = Release|Any CPU
		{413CF7ED-4BFF-4E70-BA8B-1082CC10B066}.Release|ARM.ActiveCfg = Release|Any CPU
		{413CF7ED-4BFF-4E70-BA8B-1082CC10B066}.Release|ARM.Build.0 = Release|Any CPU
		{413CF7ED-4BFF-4E70-BA8B-1082CC10B066}.Release|ARM64.ActiveCfg = Release|Any CPU
		{413CF7ED-4BFF-4E70-BA8B-1082CC10B066}.Release|ARM64.Build.0 = Release|Any CPU
		{413CF7ED-4BFF-4E70-BA8B-1082CC10B066}.Release|x64.ActiveCfg = Release|Any CPU
		{413CF7ED-4BFF-4E70-BA8B-1082CC10B066}.Release|x64.Build.0 = Release|Any CPU
		{413CF7ED-4BFF-4E70-BA8B-1082CC10B066}.Release|x86.ActiveCfg = Release|Any CPU
		{413CF7ED-4BFF-4E70-BA8B-1082CC10B066}.Release|x86.Build.0 = Release|Any CPU
		{28FCD763-B428-477F-AF80-7103D4EC7DE2}.All|Any CPU.ActiveCfg = Release|Any CPU
		{28FCD763-B428-477F-AF80-7103D4EC7DE2}.All|Any CPU.Build.0 = Release|Any CPU
		{28FCD763-B428-477F-AF80-7103D4EC7DE2}.All|ARM.ActiveCfg = Release|Any CPU
		{28FCD763-B428-477F-AF80-7103D4EC7DE2}.All|ARM.Build.0 = Release|Any CPU
		{28FCD763-B428-477F-AF80-7103D4EC7DE2}.All|ARM64.ActiveCfg = Release|Any CPU
		{28FCD763-B428-477F-AF80-7103D4EC7DE2}.All|ARM64.Build.0 = Release|Any CPU
		{28FCD763-B428-477F-AF80-7103D4EC7DE2}.All|x64.ActiveCfg = Release|Any CPU
		{28FCD763-B428-477F-AF80-7103D4EC7DE2}.All|x64.Build.0 = Release|Any CPU
		{28FCD763-B428-477F-AF80-7103D4EC7DE2}.All|x86.ActiveCfg = Release|Any CPU
		{28FCD763-B428-477F-AF80-7103D4EC7DE2}.All|x86.Build.0 = Release|Any CPU
		{28FCD763-B428-477F-AF80-7103D4EC7DE2}.Debug_STAT|Any CPU.ActiveCfg = Debug|Any CPU
		{28FCD763-B428-477F-AF80-7103D4EC7DE2}.Debug_STAT|Any CPU.Build.0 = Debug|Any CPU
		{28FCD763-B428-477F-AF80-7103D4EC7DE2}.Debug_STAT|ARM.ActiveCfg = Debug|Any CPU
		{28FCD763-B428-477F-AF80-7103D4EC7DE2}.Debug_STAT|ARM.Build.0 = Debug|Any CPU
		{28FCD763-B428-477F-AF80-7103D4EC7DE2}.Debug_STAT|ARM64.ActiveCfg = Debug|Any CPU
		{28FCD763-B428-477F-AF80-7103D4EC7DE2}.Debug_STAT|ARM64.Build.0 = Debug|Any CPU
		{28FCD763-B428-477F-AF80-7103D4EC7DE2}.Debug_STAT|x64.ActiveCfg = Debug|Any CPU
		{28FCD763-B428-477F-AF80-7103D4EC7DE2}.Debug_STAT|x64.Build.0 = Debug|Any CPU
		{28FCD763-B428-477F-AF80-7103D4EC7DE2}.Debug_STAT|x86.ActiveCfg = Debug|Any CPU
		{28FCD763-B428-477F-AF80-7103D4EC7DE2}.Debug_STAT|x86.Build.0 = Debug|Any CPU
		{28FCD763-B428-477F-AF80-7103D4EC7DE2}.Debug|Any CPU.ActiveCfg = Debug|Any CPU
		{28FCD763-B428-477F-AF80-7103D4EC7DE2}.Debug|Any CPU.Build.0 = Debug|Any CPU
		{28FCD763-B428-477F-AF80-7103D4EC7DE2}.Debug|ARM.ActiveCfg = Debug|Any CPU
		{28FCD763-B428-477F-AF80-7103D4EC7DE2}.Debug|ARM.Build.0 = Debug|Any CPU
		{28FCD763-B428-477F-AF80-7103D4EC7DE2}.Debug|ARM64.ActiveCfg = Debug|Any CPU
		{28FCD763-B428-477F-AF80-7103D4EC7DE2}.Debug|ARM64.Build.0 = Debug|Any CPU
		{28FCD763-B428-477F-AF80-7103D4EC7DE2}.Debug|x64.ActiveCfg = Debug|Any CPU
		{28FCD763-B428-477F-AF80-7103D4EC7DE2}.Debug|x64.Build.0 = Debug|Any CPU
		{28FCD763-B428-477F-AF80-7103D4EC7DE2}.Debug|x86.ActiveCfg = Debug|Any CPU
		{28FCD763-B428-477F-AF80-7103D4EC7DE2}.Debug|x86.Build.0 = Debug|Any CPU
		{28FCD763-B428-477F-AF80-7103D4EC7DE2}.Release_STAT|Any CPU.ActiveCfg = Release|Any CPU
		{28FCD763-B428-477F-AF80-7103D4EC7DE2}.Release_STAT|Any CPU.Build.0 = Release|Any CPU
		{28FCD763-B428-477F-AF80-7103D4EC7DE2}.Release_STAT|ARM.ActiveCfg = Release|Any CPU
		{28FCD763-B428-477F-AF80-7103D4EC7DE2}.Release_STAT|ARM.Build.0 = Release|Any CPU
		{28FCD763-B428-477F-AF80-7103D4EC7DE2}.Release_STAT|ARM64.ActiveCfg = Release|Any CPU
		{28FCD763-B428-477F-AF80-7103D4EC7DE2}.Release_STAT|ARM64.Build.0 = Release|Any CPU
		{28FCD763-B428-477F-AF80-7103D4EC7DE2}.Release_STAT|x64.ActiveCfg = Release|Any CPU
		{28FCD763-B428-477F-AF80-7103D4EC7DE2}.Release_STAT|x64.Build.0 = Release|Any CPU
		{28FCD763-B428-477F-AF80-7103D4EC7DE2}.Release_STAT|x86.ActiveCfg = Release|Any CPU
		{28FCD763-B428-477F-AF80-7103D4EC7DE2}.Release_STAT|x86.Build.0 = Release|Any CPU
		{28FCD763-B428-477F-AF80-7103D4EC7DE2}.Release|Any CPU.ActiveCfg = Release|Any CPU
		{28FCD763-B428-477F-AF80-7103D4EC7DE2}.Release|Any CPU.Build.0 = Release|Any CPU
		{28FCD763-B428-477F-AF80-7103D4EC7DE2}.Release|ARM.ActiveCfg = Release|Any CPU
		{28FCD763-B428-477F-AF80-7103D4EC7DE2}.Release|ARM.Build.0 = Release|Any CPU
		{28FCD763-B428-477F-AF80-7103D4EC7DE2}.Release|ARM64.ActiveCfg = Release|Any CPU
		{28FCD763-B428-477F-AF80-7103D4EC7DE2}.Release|ARM64.Build.0 = Release|Any CPU
		{28FCD763-B428-477F-AF80-7103D4EC7DE2}.Release|x64.ActiveCfg = Release|Any CPU
		{28FCD763-B428-477F-AF80-7103D4EC7DE2}.Release|x64.Build.0 = Release|Any CPU
		{28FCD763-B428-477F-AF80-7103D4EC7DE2}.Release|x86.ActiveCfg = Release|Any CPU
		{28FCD763-B428-477F-AF80-7103D4EC7DE2}.Release|x86.Build.0 = Release|Any CPU
	EndGlobalSection
	GlobalSection(SolutionProperties) = preSolution
		HideSolutionNode = FALSE
	EndGlobalSection
	GlobalSection(NestedProjects) = preSolution
		{BAB43B95-5CCC-447A-AE23-EFF7AF879984} = {8F11AA98-EC91-4725-A23F-416CA6B7F8C7}
		{70EE266B-B417-4872-BA24-D3984831082E} = {8F11AA98-EC91-4725-A23F-416CA6B7F8C7}
		{6B6B01E2-3195-436F-895C-F72AEE05AC93} = {F93ADD76-6711-4855-B0BC-CD1626D1657B}
		{413CF7ED-4BFF-4E70-BA8B-1082CC10B066} = {F93ADD76-6711-4855-B0BC-CD1626D1657B}
		{28FCD763-B428-477F-AF80-7103D4EC7DE2} = {8F11AA98-EC91-4725-A23F-416CA6B7F8C7}
	EndGlobalSection
	GlobalSection(ExtensibilityGlobals) = postSolution
		SolutionGuid = {2BD22729-94C5-4B5F-B0B2-77B9973B63E8}
	EndGlobalSection
EndGlobal
